PODS:
  - Alamofire (4.9.1)
  - Kingfisher (4.10.1)
  - Moya (12.0.1):
    - Moya/Core (= 12.0.1)
  - Moya/Core (12.0.1):
    - Alamofire (~> 4.1)
    - Result (~> 4.0)
  - Result (4.1.0)

DEPENDENCIES:
  - Kingfisher (~> 4.0)
  - Moya (~> 12.0.1)

SPEC REPOS:
  trunk:
    - Alamofire
    - Kingfisher
    - Moya
    - Result

SPEC CHECKSUMS:
  Alamofire: 85e8a02c69d6020a0d734f6054870d7ecb75cf18
  Kingfisher: c148cd7b47ebde9989f6bc7c27dcaa79d81279a0
  Moya: cf730b3cd9e005401ef37a85143aa141a12fd38f
  Result: bd966fac789cc6c1563440b348ab2598cc24d5c7

PODFILE CHECKSUM: 6f6bea2b5bb03298d00df38a68e9a9ada103ffc7

COCOAPODS: 1.8.4
